{
  "version": 4,
  "terraform_version": "1.4.5",
  "serial": 25,
  "lineage": "23c93403-d20f-7764-2c5e-c579d8eb9832",
  "outputs": {
    "jenkins_ip": {
      "value": "138.197.36.68",
      "type": "string"
    }
  },
  "resources": [
    {
      "mode": "data",
      "type": "digitalocean_ssh_key",
      "name": "ssh-key",
      "provider": "provider[\"registry.terraform.io/digitalocean/digitalocean\"]",
      "instances": [
        {
          "schema_version": 0,
          "attributes": {
            "fingerprint": "61:41:65:ae:46:ae:fa:87:cc:d2:1b:9d:f9:60:b4:32",
            "id": 38032656,
            "name": "jornada",
            "public_key": "ssh-rsa AAAAB3NzaC1yc2EAAAADAQABAAABAQCYPwd9WC2i8w1dURgwBCOtsOwwj6XRts4PWqHb9/EoyTfIsuNpYe2H+zYXdNtYv9XdPR/Ygk7tJK3L9S4eSCvUTe9N6M+Etd4fb0dWpgWU5931ybWFmah9qYqclugLRySTIk7MRzqKnAnb8HOmX2BhKcxzepfTZstqc/UP9/g++oEVOx8Db/Z3IDscDMky95vtT9RkyhjDjlUiiPV3h7Q+gNGUg1EMbUCybwJsvqlVuZUXgxfNBe6ceDLdUZ9L/MkTrkFVp/l9IemM4rls6K92iRas8lUh+jFZHJgq/r6vxTBb1BtRW6zg1uUUqciBUNBD/YqPDq3leUBVXsMvDdqL vboxuser@Ubuntu\n"
          },
          "sensitive_attributes": []
        }
      ]
    },
    {
      "mode": "managed",
      "type": "digitalocean_droplet",
      "name": "jenkins",
      "provider": "provider[\"registry.terraform.io/digitalocean/digitalocean\"]",
      "instances": [
        {
          "schema_version": 1,
          "attributes": {
            "backups": false,
            "created_at": "2023-04-13T18:57:48Z",
            "disk": 60,
            "droplet_agent": null,
            "graceful_shutdown": false,
            "id": "350554627",
            "image": "ubuntu-22-04-x64",
            "ipv4_address": "138.197.36.68",
            "ipv4_address_private": "10.108.0.2",
            "ipv6": false,
            "ipv6_address": "",
            "locked": false,
            "memory": 2048,
            "monitoring": false,
            "name": "jenkins",
            "price_hourly": 0.02679,
            "price_monthly": 18,
            "private_networking": true,
            "region": "nyc3",
            "resize_disk": true,
            "size": "s-2vcpu-2gb",
            "ssh_keys": [
              "38032656"
            ],
            "status": "active",
            "tags": [],
            "timeouts": null,
            "urn": "do:droplet:350554627",
            "user_data": null,
            "vcpus": 2,
            "volume_ids": [],
            "vpc_uuid": "1544eaf8-28b6-4bae-9d90-08d2054ef29c"
          },
          "sensitive_attributes": [],
          "private": "eyJlMmJmYjczMC1lY2FhLTExZTYtOGY4OC0zNDM2M2JjN2M0YzAiOnsiY3JlYXRlIjozNjAwMDAwMDAwMDAwLCJkZWxldGUiOjYwMDAwMDAwMDAwLCJ1cGRhdGUiOjM2MDAwMDAwMDAwMDB9LCJzY2hlbWFfdmVyc2lvbiI6IjEifQ==",
          "dependencies": [
            "data.digitalocean_ssh_key.ssh-key"
          ]
        }
      ]
    },
    {
      "mode": "managed",
      "type": "digitalocean_kubernetes_cluster",
      "name": "k8s",
      "provider": "provider[\"registry.terraform.io/digitalocean/digitalocean\"]",
      "instances": [
        {
          "schema_version": 3,
          "attributes": {
            "auto_upgrade": false,
            "cluster_subnet": "10.244.0.0/16",
            "created_at": "2023-04-13 18:58:49 +0000 UTC",
            "endpoint": "https://0a41c100-c731-43cb-ae07-436c449e92a2.k8s.ondigitalocean.com",
            "ha": false,
            "id": "0a41c100-c731-43cb-ae07-436c449e92a2",
            "ipv4_address": "",
            "kube_config": [
              {
                "client_certificate": "",
                "client_key": "",
                "cluster_ca_certificate": "LS0tLS1CRUdJTiBDRVJUSUZJQ0FURS0tLS0tCk1JSURKekNDQWcrZ0F3SUJBZ0lDQm5Vd0RRWUpLb1pJaHZjTkFRRUxCUUF3TXpFVk1CTUdBMVVFQ2hNTVJHbG4KYVhSaGJFOWpaV0Z1TVJvd0dBWURWUVFERXhGck9ITmhZWE1nUTJ4MWMzUmxjaUJEUVRBZUZ3MHlNekEwTVRNeApPRFU0TlRKYUZ3MDBNekEwTVRNeE9EVTROVEphTURNeEZUQVRCZ05WQkFvVERFUnBaMmwwWVd4UFkyVmhiakVhCk1CZ0dBMVVFQXhNUmF6aHpZV0Z6SUVOc2RYTjBaWElnUTBFd2dnRWlNQTBHQ1NxR1NJYjNEUUVCQVFVQUE0SUIKRHdBd2dnRUtBb0lCQVFETHlFaW8xNkR6WGQ4ZFBFZXEzZXBSQURVOE1odWQ5ejh0N0hZY2tNREMwK3lnVG5ydQp0OVY0N3dNY2xmaFFTT3FNazZ5U0pGSmFsOU8vTTJUQkhjc0RTRWZOZ2lEZDd1MWpCOTY4c2tSSkZMNE5nN0RBClp5RWZ4RFJJZjczM3Z4OGphYmxPTHJwOS9UcTlGdXlJNlBtdHFJY2FXQUpNa25zU0tKbjV2dWdZa1dDSzNyZHMKd3VvUVdlSFBZdFBwYTkwdVRjU01WUTY0a2xDaUhOaEZzZXhOOVAyY3gzZkNURVJRQUo4YzFUSjhUSDJGZ212MgoxNi9TaU5Rb1hoOWJkTWtwTlhReHdmNUxDOU9idEZPUlhWRzdhcU55WTlUOWx1aHdhRjdiRHd2M2lQS0pBLzh3ClM2dGdZZ1hvZS9XZmdHMDhDNDZJRmhERXFwSWp0V0tRenZtSEFnTUJBQUdqUlRCRE1BNEdBMVVkRHdFQi93UUUKQXdJQmhqQVNCZ05WSFJNQkFmOEVDREFHQVFIL0FnRUFNQjBHQTFVZERnUVdCQlFNWUVjUzh2RUplRVhtSEpXYQp6MW5KbWRHcFZUQU5CZ2txaGtpRzl3MEJBUXNGQUFPQ0FRRUFYU2ZpMVNGdE9KTEdqM3JqcjdxNGh1QUU3WXp1Cmxob2w0UTRjTnd5Um92S0VBbS9MM3VGZWc0SnU0OThuZlR2cFRZTkcvNUFsTmFQajRIRmcyT2gxWlRiU1A0YkYKZTdNbGlBV01DWEJnZWdnV1M3cFVtV3AvNGxoeE1Na2hXNExrenlkRTBYYVFNQ2lhNi8zU0lSc0pSMkNBamZzZgpJTHJRalNiUTNoenZMZU53VGZxMXg5eVFialJUbW9QNVVaSStNbVAwTzZ5c1hOS3lzSjlyUExPeGxGc2kzSjArClZjTnkzYndTQnJGcFE5Yk1DTWlLekgrSjJNY0ZtaW0zeENaMWoxZklOMTk3MVdwOE5IVGUwTDZkVWFiaUJMdHAKakxyMkdsRHRpVFVGeVNScTJ2ZnNSRWc4SGp0aGFSQkRHVmF0RnJjTGY1VVVyNG1IR1YvNDVLSzhSdz09Ci0tLS0tRU5EIENFUlRJRklDQVRFLS0tLS0K",
                "expires_at": "2023-04-20T19:04:21Z",
                "host": "https://0a41c100-c731-43cb-ae07-436c449e92a2.k8s.ondigitalocean.com",
                "raw_config": "apiVersion: v1\nkind: Config\nclusters:\n- cluster:\n    certificate-authority-data: LS0tLS1CRUdJTiBDRVJUSUZJQ0FURS0tLS0tCk1JSURKekNDQWcrZ0F3SUJBZ0lDQm5Vd0RRWUpLb1pJaHZjTkFRRUxCUUF3TXpFVk1CTUdBMVVFQ2hNTVJHbG4KYVhSaGJFOWpaV0Z1TVJvd0dBWURWUVFERXhGck9ITmhZWE1nUTJ4MWMzUmxjaUJEUVRBZUZ3MHlNekEwTVRNeApPRFU0TlRKYUZ3MDBNekEwTVRNeE9EVTROVEphTURNeEZUQVRCZ05WQkFvVERFUnBaMmwwWVd4UFkyVmhiakVhCk1CZ0dBMVVFQXhNUmF6aHpZV0Z6SUVOc2RYTjBaWElnUTBFd2dnRWlNQTBHQ1NxR1NJYjNEUUVCQVFVQUE0SUIKRHdBd2dnRUtBb0lCQVFETHlFaW8xNkR6WGQ4ZFBFZXEzZXBSQURVOE1odWQ5ejh0N0hZY2tNREMwK3lnVG5ydQp0OVY0N3dNY2xmaFFTT3FNazZ5U0pGSmFsOU8vTTJUQkhjc0RTRWZOZ2lEZDd1MWpCOTY4c2tSSkZMNE5nN0RBClp5RWZ4RFJJZjczM3Z4OGphYmxPTHJwOS9UcTlGdXlJNlBtdHFJY2FXQUpNa25zU0tKbjV2dWdZa1dDSzNyZHMKd3VvUVdlSFBZdFBwYTkwdVRjU01WUTY0a2xDaUhOaEZzZXhOOVAyY3gzZkNURVJRQUo4YzFUSjhUSDJGZ212MgoxNi9TaU5Rb1hoOWJkTWtwTlhReHdmNUxDOU9idEZPUlhWRzdhcU55WTlUOWx1aHdhRjdiRHd2M2lQS0pBLzh3ClM2dGdZZ1hvZS9XZmdHMDhDNDZJRmhERXFwSWp0V0tRenZtSEFnTUJBQUdqUlRCRE1BNEdBMVVkRHdFQi93UUUKQXdJQmhqQVNCZ05WSFJNQkFmOEVDREFHQVFIL0FnRUFNQjBHQTFVZERnUVdCQlFNWUVjUzh2RUplRVhtSEpXYQp6MW5KbWRHcFZUQU5CZ2txaGtpRzl3MEJBUXNGQUFPQ0FRRUFYU2ZpMVNGdE9KTEdqM3JqcjdxNGh1QUU3WXp1Cmxob2w0UTRjTnd5Um92S0VBbS9MM3VGZWc0SnU0OThuZlR2cFRZTkcvNUFsTmFQajRIRmcyT2gxWlRiU1A0YkYKZTdNbGlBV01DWEJnZWdnV1M3cFVtV3AvNGxoeE1Na2hXNExrenlkRTBYYVFNQ2lhNi8zU0lSc0pSMkNBamZzZgpJTHJRalNiUTNoenZMZU53VGZxMXg5eVFialJUbW9QNVVaSStNbVAwTzZ5c1hOS3lzSjlyUExPeGxGc2kzSjArClZjTnkzYndTQnJGcFE5Yk1DTWlLekgrSjJNY0ZtaW0zeENaMWoxZklOMTk3MVdwOE5IVGUwTDZkVWFiaUJMdHAKakxyMkdsRHRpVFVGeVNScTJ2ZnNSRWc4SGp0aGFSQkRHVmF0RnJjTGY1VVVyNG1IR1YvNDVLSzhSdz09Ci0tLS0tRU5EIENFUlRJRklDQVRFLS0tLS0K\n    server: https://0a41c100-c731-43cb-ae07-436c449e92a2.k8s.ondigitalocean.com\n  name: do-nyc3-k8s\ncontexts:\n- context:\n    cluster: do-nyc3-k8s\n    user: do-nyc3-k8s-admin\n  name: do-nyc3-k8s\ncurrent-context: do-nyc3-k8s\nusers:\n- name: do-nyc3-k8s-admin\n  user:\n    token: dop_v1_2552da141d8819c3787a663fce6e5401319b96a2d2335aa80d694710fd1dd897\n",
                "token": "dop_v1_2552da141d8819c3787a663fce6e5401319b96a2d2335aa80d694710fd1dd897"
              }
            ],
            "maintenance_policy": [
              {
                "day": "any",
                "duration": "4h0m0s",
                "start_time": "22:00"
              }
            ],
            "name": "k8s",
            "node_pool": [
              {
                "actual_node_count": 2,
                "auto_scale": false,
                "id": "a13885b7-b0b0-46ec-9b3f-22beb4b6cee7",
                "labels": {},
                "max_nodes": 0,
                "min_nodes": 0,
                "name": "default",
                "node_count": 2,
                "nodes": [
                  {
                    "created_at": "2023-04-13 18:58:49 +0000 UTC",
                    "droplet_id": "350555238",
                    "id": "bdc49680-d5f1-4a53-9bc1-115f3e6825a4",
                    "name": "default-q9c5a",
                    "status": "running",
                    "updated_at": "2023-04-13 19:01:31 +0000 UTC"
                  },
                  {
                    "created_at": "2023-04-13 18:58:49 +0000 UTC",
                    "droplet_id": "350555237",
                    "id": "11f6f976-acb0-4d7b-b0ed-fb5be460e74f",
                    "name": "default-q9c56",
                    "status": "running",
                    "updated_at": "2023-04-13 19:01:31 +0000 UTC"
                  }
                ],
                "size": "s-2vcpu-2gb",
                "tags": [],
                "taint": []
              }
            ],
            "region": "nyc3",
            "service_subnet": "10.245.0.0/16",
            "status": "running",
            "surge_upgrade": true,
            "tags": [],
            "timeouts": null,
            "updated_at": "2023-04-13 19:04:12 +0000 UTC",
            "urn": "do:kubernetes:0a41c100-c731-43cb-ae07-436c449e92a2",
            "version": "1.26.3-do.0",
            "vpc_uuid": "1544eaf8-28b6-4bae-9d90-08d2054ef29c"
          },
          "sensitive_attributes": [],
          "private": "eyJlMmJmYjczMC1lY2FhLTExZTYtOGY4OC0zNDM2M2JjN2M0YzAiOnsiY3JlYXRlIjoxODAwMDAwMDAwMDAwfSwic2NoZW1hX3ZlcnNpb24iOiIzIn0="
        }
      ]
    }
  ],
  "check_results": null
}
